{
  "name": "honcho",
  "version": "0.2.6",
  "lockfileVersion": 1,
  "requires": true,
  "dependencies": {
    "async": {
      "version": "3.2.0",
      "resolved": "https://registry.npmjs.org/async/-/async-3.2.0.tgz",
      "integrity": "sha512-TR2mEZFVOj2pLStYxLht7TyfuRzaydfpxr3k9RpHIzMgw7A64dzsdqCxH1WJyQdoe8T10nDXd9wnEigmiuHIZw=="
    },
    "mbtcpprotocol": {
      "version": "0.1.1",
      "resolved": "https://registry.npmjs.org/mbtcpprotocol/-/mbtcpprotocol-0.1.1.tgz",
      "integrity": "sha512-FACx4yYrvV3HECBdEpAsAKKFDsxqmoOxx4fJEMmX0/LPuoobt3dURIf9SDb9e2SgG+64xTWc1TZCdRCVSOcRlg==",
      "requires": {
        "underscore": "1.4.x"
      }
    },
    "mcprotocol": {
      "version": "0.1.1",
      "resolved": "https://registry.npmjs.org/mcprotocol/-/mcprotocol-0.1.1.tgz",
      "integrity": "sha1-IXg4WfgGL9MpNEKz5DGFdoD3afw=",
      "requires": {
        "underscore": "1.4.x"
      }
    },
    "nodepccc": {
      "version": "0.1.17",
      "resolved": "https://registry.npmjs.org/nodepccc/-/nodepccc-0.1.17.tgz",
      "integrity": "sha512-2mVKgvB48mEl2DEl5Ga7/sZ8lvdp9Wc4iVQdUv0H1KzMINlvcUfg/CdJe89KBQfPP6gMQmE2bHBdElm0CSKnog=="
    },
    "nodes7": {
      "version": "0.3.12",
      "resolved": "https://registry.npmjs.org/nodes7/-/nodes7-0.3.12.tgz",
      "integrity": "sha512-C6p0NYZL+nX2LPkjEJsJNohiN6bJP2ARlfLFQSFe9BBF9ZOiEt0hPvcA2DPdu3HLkEJ78DJd8c2LXnSxh3deaw=="
    },
    "serialipprotocol": {
      "version": "0.1.0",
      "resolved": "https://registry.npmjs.org/serialipprotocol/-/serialipprotocol-0.1.0.tgz",
      "integrity": "sha512-jPUOe+mELOg1wP8rvcjlJMCZBgLi4hgVsWHXaTYjDxXgv60kMa27Q5FZXLbD45lYb2xWiBL8RtfdAOYJWpXICw=="
    },
    "underscore": {
      "version": "1.4.4",
      "resolved": "https://registry.npmjs.org/underscore/-/underscore-1.4.4.tgz",
      "integrity": "sha1-YaajIBBiKvoHljvzJSA88SI51gQ="
    }
  }
}
