{
  "name": "honcho",
  "version": "0.2.0",
  "lockfileVersion": 1,
  "requires": true,
  "dependencies": {
    "async": {
      "version": "2.6.1",
      "resolved": "https://registry.npmjs.org/async/-/async-2.6.1.tgz",
      "integrity": "sha512-fNEiL2+AZt6AlAw/29Cr0UDe4sRAHCpEHh54WMz+Bb7QfNcFw4h3loofyJpLeQs4Yx7yuqu/2dLgM5hKOs6HlQ==",
      "requires": {
        "lodash": "4.17.10"
      }
    },
    "lodash": {
      "version": "4.17.10",
      "resolved": "https://registry.npmjs.org/lodash/-/lodash-4.17.10.tgz",
      "integrity": "sha512-UejweD1pDoXu+AD825lWwp4ZGtSwgnpZxb3JDViD7StjQz+Nb/6l093lx4OQ0foGWNRoc19mWy7BzL+UAK2iVg=="
    },
    "mbtcpprotocol": {
      "version": "0.1.0",
      "resolved": "https://registry.npmjs.org/mbtcpprotocol/-/mbtcpprotocol-0.1.0.tgz",
      "integrity": "sha1-LELxthGKKqvY4uQbsu/jc4/0QAs=",
      "requires": {
        "underscore": "1.4.4"
      }
    },
    "mcprotocol": {
      "version": "0.1.1",
      "resolved": "https://registry.npmjs.org/mcprotocol/-/mcprotocol-0.1.1.tgz",
      "integrity": "sha1-IXg4WfgGL9MpNEKz5DGFdoD3afw=",
      "requires": {
        "underscore": "1.4.4"
      }
    },
    "nodepccc": {
      "version": "0.1.8",
      "resolved": "https://registry.npmjs.org/nodepccc/-/nodepccc-0.1.8.tgz",
      "integrity": "sha1-1IdTHy3mkSgyuKj8c+xqs4z9gQM="
    },
    "nodes7": {
      "version": "0.3.0",
      "resolved": "https://registry.npmjs.org/nodes7/-/nodes7-0.3.0.tgz",
      "integrity": "sha512-YHX80P6siqCBqU3fqh5MO/a5J8szirJurFaidvuUku4uGRcldPzBV6zi8358npFp/d5T6ugu/hIUL6ipV9YXsw=="
    },
    "underscore": {
      "version": "1.4.4",
      "resolved": "https://registry.npmjs.org/underscore/-/underscore-1.4.4.tgz",
      "integrity": "sha1-YaajIBBiKvoHljvzJSA88SI51gQ="
    }
  }
}
